
Microsoft Visual Studio Solution File, Format Version 12.00
# Visual Studio Version 17
VisualStudioVersion = 17.3.32929.385
MinimumVisualStudioVersion = 10.0.40219.1
Project("{FAE04EC0-301F-11D3-BF4B-00C04F79EFBC}") = "SHBIN_Editor", "SHBIN_Editor\SHBIN_Editor.csproj", "{B3B14DD2-3A1B-4E0F-ACC9-B7DC87091AA2}"
EndProject
Project("{FAE04EC0-301F-11D3-BF4B-00C04F79EFBC}") = "DVLBLibrary", "DVLBLibrary\DVLBLibrary.csproj", "{BD82DC7A-873D-46A9-AAE2-E534BFD71324}"
EndProject
Global
	GlobalSection(SolutionConfigurationPlatforms) = preSolution
		Debug|Any CPU = Debug|Any CPU
		Release|Any CPU = Release|Any CPU
	EndGlobalSection
	GlobalSection(ProjectConfigurationPlatforms) = postSolution
		{B3B14DD2-3A1B-4E0F-ACC9-B7DC87091AA2}.Debug|Any CPU.ActiveCfg = Debug|Any CPU
		{B3B14DD2-3A1B-4E0F-ACC9-B7DC87091AA2}.Debug|Any CPU.Build.0 = Debug|Any CPU
		{B3B14DD2-3A1B-4E0F-ACC9-B7DC87091AA2}.Release|Any CPU.ActiveCfg = Release|Any CPU
		{B3B14DD2-3A1B-4E0F-ACC9-B7DC87091AA2}.Release|Any CPU.Build.0 = Release|Any CPU
		{BD82DC7A-873D-46A9-AAE2-E534BFD71324}.Debug|Any CPU.ActiveCfg = Debug|Any CPU
		{BD82DC7A-873D-46A9-AAE2-E534BFD71324}.Debug|Any CPU.Build.0 = Debug|Any CPU
		{BD82DC7A-873D-46A9-AAE2-E534BFD71324}.Release|Any CPU.ActiveCfg = Release|Any CPU
		{BD82DC7A-873D-46A9-AAE2-E534BFD71324}.Release|Any CPU.Build.0 = Release|Any CPU
	EndGlobalSection
	GlobalSection(SolutionProperties) = preSolution
		HideSolutionNode = FALSE
	EndGlobalSection
	GlobalSection(ExtensibilityGlobals) = postSolution
		SolutionGuid = {85D37DD6-3956-47BA-9FAE-B76EAE0BEE52}
	EndGlobalSection
EndGlobal
